{
  "name": "sns",
  "lockfileVersion": 3,
  "requires": true,
  "packages": {
    "": {
      "dependencies": {
        "sns-interfaces": "^1.0.31"
      }
    },
    "node_modules/sns-interfaces": {
      "version": "1.0.31",
      "resolved": "https://registry.npmjs.org/sns-interfaces/-/sns-interfaces-1.0.31.tgz",
      "integrity": "sha512-uF40RjHtyV5ZpPWjPDT/wum8J6O1JoDCsvnZQgMKfiNcGLMgZiBNJn55ikZl+Ke/qWwZa8ZgWTd45rloB+egvA=="
    }
  }
}
